
Microsoft Visual Studio Solution File, Format Version 12.00
# Visual Studio Version 17
VisualStudioVersion = 17.13.35825.156 d17.13
MinimumVisualStudioVersion = 10.0.40219.1
Project("{FAE04EC0-301F-11D3-BF4B-00C04F79EFBC}") = "Day7", "Day7.csproj", "{4A93C360-8EF4-4B9B-A93B-2F2E3A57D3DD}"
EndProject
Global
	GlobalSection(SolutionConfigurationPlatforms) = preSolution
		Debug|Any CPU = Debug|Any CPU
		Release|Any CPU = Release|Any CPU
	EndGlobalSection
	GlobalSection(ProjectConfigurationPlatforms) = postSolution
		{4A93C360-8EF4-4B9B-A93B-2F2E3A57D3DD}.Debug|Any CPU.ActiveCfg = Debug|Any CPU
		{4A93C360-8EF4-4B9B-A93B-2F2E3A57D3DD}.Debug|Any CPU.Build.0 = Debug|Any CPU
		{4A93C360-8EF4-4B9B-A93B-2F2E3A57D3DD}.Release|Any CPU.ActiveCfg = Release|Any CPU
		{4A93C360-8EF4-4B9B-A93B-2F2E3A57D3DD}.Release|Any CPU.Build.0 = Release|Any CPU
	EndGlobalSection
	GlobalSection(SolutionProperties) = preSolution
		HideSolutionNode = FALSE
	EndGlobalSection
	GlobalSection(ExtensibilityGlobals) = postSolution
		SolutionGuid = {2E5BFA87-3C20-4871-B7F8-D004A1A2F500}
	EndGlobalSection
EndGlobal
